{
  "name": "colossal_adventure",
  "version": "1.0.0",
  "lockfileVersion": 1,
  "requires": true,
  "dependencies": {
    "find-exec": {
      "version": "1.0.0",
      "resolved": "https://registry.npmjs.org/find-exec/-/find-exec-1.0.0.tgz",
      "integrity": "sha1-ZSSc1STeCAUFMdnQuErS7hq3J8k=",
      "requires": {
        "sync-exec": "^0.6.2"
      }
    },
    "howler": {
      "version": "2.0.15",
      "resolved": "https://registry.npmjs.org/howler/-/howler-2.0.15.tgz",
      "integrity": "sha512-Ceui16WCAdBiRlI3cK/zPmp6eWKG4wU5yIYHtH+X4zPhwqbr2ieRQvt/1J60NCqEXFHuBKdzBrS5DRYkMwiQsg=="
    },
    "nan": {
      "version": "2.11.1",
      "resolved": "https://registry.npmjs.org/nan/-/nan-2.11.1.tgz",
      "integrity": "sha512-iji6k87OSXa0CcrLl9z+ZiYSuR2o+c0bGuNmXdrhTQTakxytAFsC56SArGYoiHlJlFoHSnvmhpceZJaXkVuOtA=="
    },
    "play-sound": {
      "version": "1.1.2",
      "resolved": "https://registry.npmjs.org/play-sound/-/play-sound-1.1.2.tgz",
      "integrity": "sha1-qsowR2kq9XHA06ncR1pfp8ITIsU=",
      "requires": {
        "find-exec": "1.0.0"
      }
    },
    "readline-sync": {
      "version": "1.4.9",
      "resolved": "https://registry.npmjs.org/readline-sync/-/readline-sync-1.4.9.tgz",
      "integrity": "sha1-PtqOZfI80qF+YTAbHwADOWr17No="
    },
    "sleep": {
      "version": "5.2.3",
      "resolved": "https://registry.npmjs.org/sleep/-/sleep-5.2.3.tgz",
      "integrity": "sha512-vC05N1XqgIiPIj6tEq7wt0R32aTycJv4Ymo/jwSEp2PkeU1GCJ1tkl+RdYZEo7Gjebq8QQuhFuEe7vsyVGlFRA==",
      "requires": {
        "nan": ">=2.5.1"
      }
    },
    "sync-exec": {
      "version": "0.6.2",
      "resolved": "https://registry.npmjs.org/sync-exec/-/sync-exec-0.6.2.tgz",
      "integrity": "sha1-cX0izFPwzh3vVZQ2LzqJouu5EQU="
    }
  }
}
